// !$*UTF8*$!
{
	archiveVersion = 1;
	classes = {
	};
	objectVersion = 56;
	objects = {

/* Begin PBXBuildFile section */
		528FB8422A0C6C4000B841D4 /* main.cpp in Sources */ = {isa = PBXBuildFile; fileRef = 528FB8412A0C6C4000B841D4 /* main.cpp */; };
		528FB8492A0C6CE500B841D4 /* board.cpp in Sources */ = {isa = PBXBuildFile; fileRef = 528FB8482A0C6CE500B841D4 /* board.cpp */; };
		528FB84B2A0C6D0200B841D4 /* move.cpp in Sources */ = {isa = PBXBuildFile; fileRef = 528FB84A2A0C6D0200B841D4 /* move.cpp */; };
		528FB84D2A0C6D0E00B841D4 /* piece.cpp in Sources */ = {isa = PBXBuildFile; fileRef = 528FB84C2A0C6D0E00B841D4 /* piece.cpp */; };
		528FB84F2A0C6D2200B841D4 /* position.cpp in Sources */ = {isa = PBXBuildFile; fileRef = 528FB84E2A0C6D2200B841D4 /* position.cpp */; };
		528FB8512A0C6D2E00B841D4 /* test.cpp in Sources */ = {isa = PBXBuildFile; fileRef = 528FB8502A0C6D2E00B841D4 /* test.cpp */; };
		528FB85F2A0CB1F600B841D4 /* uiDraw.cpp in Sources */ = {isa = PBXBuildFile; fileRef = 528FB85E2A0CB1F600B841D4 /* uiDraw.cpp */; };
		528FB8612A0CB24000B841D4 /* uiInteract.cpp in Sources */ = {isa = PBXBuildFile; fileRef = 528FB8602A0CB24000B841D4 /* uiInteract.cpp */; };
/* End PBXBuildFile section */

/* Begin PBXCopyFilesBuildPhase section */
		528FB83C2A0C6C4000B841D4 /* CopyFiles */ = {
			isa = PBXCopyFilesBuildPhase;
			buildActionMask = 2147483647;
			dstPath = /usr/share/man/man1/;
			dstSubfolderSpec = 0;
			files = (
			);
			runOnlyForDeploymentPostprocessing = 1;
		};
/* End PBXCopyFilesBuildPhase section */

/* Begin PBXFileReference section */
		528FB83E2A0C6C4000B841D4 /* chess */ = {isa = PBXFileReference; explicitFileType = "compiled.mach-o.executable"; includeInIndex = 0; path = chess; sourceTree = BUILT_PRODUCTS_DIR; };
		528FB8412A0C6C4000B841D4 /* main.cpp */ = {isa = PBXFileReference; lastKnownFileType = sourcecode.cpp.cpp; path = main.cpp; sourceTree = "<group>"; };
		528FB8482A0C6CE500B841D4 /* board.cpp */ = {isa = PBXFileReference; lastKnownFileType = sourcecode.cpp.cpp; path = board.cpp; sourceTree = "<group>"; };
		528FB84A2A0C6D0200B841D4 /* move.cpp */ = {isa = PBXFileReference; lastKnownFileType = sourcecode.cpp.cpp; path = move.cpp; sourceTree = "<group>"; };
		528FB84C2A0C6D0E00B841D4 /* piece.cpp */ = {isa = PBXFileReference; lastKnownFileType = sourcecode.cpp.cpp; path = piece.cpp; sourceTree = "<group>"; };
		528FB84E2A0C6D2200B841D4 /* position.cpp */ = {isa = PBXFileReference; lastKnownFileType = sourcecode.cpp.cpp; path = position.cpp; sourceTree = "<group>"; };
		528FB8502A0C6D2E00B841D4 /* test.cpp */ = {isa = PBXFileReference; lastKnownFileType = sourcecode.cpp.cpp; path = test.cpp; sourceTree = "<group>"; };
		528FB8532A0C6D6600B841D4 /* testPawn.h */ = {isa = PBXFileReference; lastKnownFileType = sourcecode.c.h; path = testPawn.h; sourceTree = "<group>"; };
		528FB8542A0C6D7000B841D4 /* testQueen.h */ = {isa = PBXFileReference; lastKnownFileType = sourcecode.c.h; path = testQueen.h; sourceTree = "<group>"; };
		528FB8552A0C6D7E00B841D4 /* test.h */ = {isa = PBXFileReference; lastKnownFileType = sourcecode.c.h; path = test.h; sourceTree = "<group>"; };
		528FB8562A0C6D8C00B841D4 /* position.h */ = {isa = PBXFileReference; lastKnownFileType = sourcecode.c.h; path = position.h; sourceTree = "<group>"; };
		528FB8572A0C6D9C00B841D4 /* piece.h */ = {isa = PBXFileReference; lastKnownFileType = sourcecode.c.h; path = piece.h; sourceTree = "<group>"; };
		528FB8582A0C6DA400B841D4 /* move.h */ = {isa = PBXFileReference; lastKnownFileType = sourcecode.c.h; path = move.h; sourceTree = "<group>"; };
		528FB8592A0C6DAE00B841D4 /* board.h */ = {isa = PBXFileReference; lastKnownFileType = sourcecode.c.h; path = board.h; sourceTree = "<group>"; };
		528FB85A2A0C782D00B841D4 /* uiDraw.h */ = {isa = PBXFileReference; lastKnownFileType = sourcecode.c.h; path = uiDraw.h; sourceTree = "<group>"; };
		528FB85E2A0CB1F600B841D4 /* uiDraw.cpp */ = {isa = PBXFileReference; lastKnownFileType = sourcecode.cpp.cpp; path = uiDraw.cpp; sourceTree = "<group>"; };
		528FB8602A0CB24000B841D4 /* uiInteract.cpp */ = {isa = PBXFileReference; lastKnownFileType = sourcecode.cpp.cpp; path = uiInteract.cpp; sourceTree = SOURCE_ROOT; };
/* End PBXFileReference section */

/* Begin PBXFrameworksBuildPhase section */
		528FB83B2A0C6C4000B841D4 /* Frameworks */ = {
			isa = PBXFrameworksBuildPhase;
			buildActionMask = 2147483647;
			files = (
			);
			runOnlyForDeploymentPostprocessing = 0;
		};
/* End PBXFrameworksBuildPhase section */

/* Begin PBXGroup section */
		528FB8352A0C6C4000B841D4 = {
			isa = PBXGroup;
			children = (
				528FB8402A0C6C4000B841D4 /* chess */,
				528FB83F2A0C6C4000B841D4 /* Products */,
			);
			sourceTree = "<group>";
		};
		528FB83F2A0C6C4000B841D4 /* Products */ = {
			isa = PBXGroup;
			children = (
				528FB83E2A0C6C4000B841D4 /* chess */,
			);
			name = Products;
			sourceTree = "<group>";
		};
		528FB8402A0C6C4000B841D4 /* chess */ = {
			isa = PBXGroup;
			children = (
				528FB8602A0CB24000B841D4 /* uiInteract.cpp */,
				528FB85E2A0CB1F600B841D4 /* uiDraw.cpp */,
				528FB8412A0C6C4000B841D4 /* main.cpp */,
				528FB8482A0C6CE500B841D4 /* board.cpp */,
				528FB8592A0C6DAE00B841D4 /* board.h */,
				528FB8582A0C6DA400B841D4 /* move.h */,
				528FB8572A0C6D9C00B841D4 /* piece.h */,
				528FB8562A0C6D8C00B841D4 /* position.h */,
				528FB8552A0C6D7E00B841D4 /* test.h */,
				528FB8542A0C6D7000B841D4 /* testQueen.h */,
				528FB8532A0C6D6600B841D4 /* testPawn.h */,
				528FB8502A0C6D2E00B841D4 /* test.cpp */,
				528FB84E2A0C6D2200B841D4 /* position.cpp */,
				528FB84C2A0C6D0E00B841D4 /* piece.cpp */,
				528FB84A2A0C6D0200B841D4 /* move.cpp */,
				528FB85A2A0C782D00B841D4 /* uiDraw.h */,
			);
			path = chess;
			sourceTree = "<group>";
		};
/* End PBXGroup section */

/* Begin PBXNativeTarget section */
		528FB83D2A0C6C4000B841D4 /* chess */ = {
			isa = PBXNativeTarget;
			buildConfigurationList = 528FB8452A0C6C4000B841D4 /* Build configuration list for PBXNativeTarget "chess" */;
			buildPhases = (
				528FB83A2A0C6C4000B841D4 /* Sources */,
				528FB83B2A0C6C4000B841D4 /* Frameworks */,
				528FB83C2A0C6C4000B841D4 /* CopyFiles */,
			);
			buildRules = (
			);
			dependencies = (
			);
			name = chess;
			productName = chess;
			productReference = 528FB83E2A0C6C4000B841D4 /* chess */;
			productType = "com.apple.product-type.tool";
		};
/* End PBXNativeTarget section */

/* Begin PBXProject section */
		528FB8362A0C6C4000B841D4 /* Project object */ = {
			isa = PBXProject;
			attributes = {
				BuildIndependentTargetsInParallel = 1;
				LastUpgradeCheck = 1430;
				TargetAttributes = {
					528FB83D2A0C6C4000B841D4 = {
						CreatedOnToolsVersion = 14.3;
					};
				};
			};
			buildConfigurationList = 528FB8392A0C6C4000B841D4 /* Build configuration list for PBXProject "chess" */;
			compatibilityVersion = "Xcode 14.0";
			developmentRegion = en;
			hasScannedForEncodings = 0;
			knownRegions = (
				en,
				Base,
			);
			mainGroup = 528FB8352A0C6C4000B841D4;
			productRefGroup = 528FB83F2A0C6C4000B841D4 /* Products */;
			projectDirPath = "";
			projectRoot = "";
			targets = (
				528FB83D2A0C6C4000B841D4 /* chess */,
			);
		};
/* End PBXProject section */

/* Begin PBXSourcesBuildPhase section */
		528FB83A2A0C6C4000B841D4 /* Sources */ = {
			isa = PBXSourcesBuildPhase;
			buildActionMask = 2147483647;
			files = (
				528FB84D2A0C6D0E00B841D4 /* piece.cpp in Sources */,
				528FB8492A0C6CE500B841D4 /* board.cpp in Sources */,
				528FB85F2A0CB1F600B841D4 /* uiDraw.cpp in Sources */,
				528FB8422A0C6C4000B841D4 /* main.cpp in Sources */,
				528FB84B2A0C6D0200B841D4 /* move.cpp in Sources */,
				528FB84F2A0C6D2200B841D4 /* position.cpp in Sources */,
				528FB8512A0C6D2E00B841D4 /* test.cpp in Sources */,
				528FB8612A0CB24000B841D4 /* uiInteract.cpp in Sources */,
			);
			runOnlyForDeploymentPostprocessing = 0;
		};
/* End PBXSourcesBuildPhase section */

/* Begin XCBuildConfiguration section */
		528FB8432A0C6C4000B841D4 /* Debug */ = {
			isa = XCBuildConfiguration;
			buildSettings = {
				ALWAYS_SEARCH_USER_PATHS = NO;
				CLANG_ANALYZER_NONNULL = YES;
				CLANG_ANALYZER_NUMBER_OBJECT_CONVERSION = YES_AGGRESSIVE;
				CLANG_CXX_LANGUAGE_STANDARD = "gnu++20";
				CLANG_ENABLE_MODULES = YES;
				CLANG_ENABLE_OBJC_ARC = YES;
				CLANG_ENABLE_OBJC_WEAK = YES;
				CLANG_WARN_BLOCK_CAPTURE_AUTORELEASING = YES;
				CLANG_WARN_BOOL_CONVERSION = YES;
				CLANG_WARN_COMMA = YES;
				CLANG_WARN_CONSTANT_CONVERSION = YES;
				CLANG_WARN_DEPRECATED_OBJC_IMPLEMENTATIONS = YES;
				CLANG_WARN_DIRECT_OBJC_ISA_USAGE = YES_ERROR;
				CLANG_WARN_DOCUMENTATION_COMMENTS = YES;
				CLANG_WARN_EMPTY_BODY = YES;
				CLANG_WARN_ENUM_CONVERSION = YES;
				CLANG_WARN_INFINITE_RECURSION = YES;
				CLANG_WARN_INT_CONVERSION = YES;
				CLANG_WARN_NON_LITERAL_NULL_CONVERSION = YES;
				CLANG_WARN_OBJC_IMPLICIT_RETAIN_SELF = YES;
				CLANG_WARN_OBJC_LITERAL_CONVERSION = YES;
				CLANG_WARN_OBJC_ROOT_CLASS = YES_ERROR;
				CLANG_WARN_QUOTED_INCLUDE_IN_FRAMEWORK_HEADER = YES;
				CLANG_WARN_RANGE_LOOP_ANALYSIS = YES;
				CLANG_WARN_STRICT_PROTOTYPES = YES;
				CLANG_WARN_SUSPICIOUS_MOVE = YES;
				CLANG_WARN_UNGUARDED_AVAILABILITY = YES_AGGRESSIVE;
				CLANG_WARN_UNREACHABLE_CODE = YES;
				CLANG_WARN__DUPLICATE_METHOD_MATCH = YES;
				COPY_PHASE_STRIP = NO;
				DEBUG_INFORMATION_FORMAT = dwarf;
				ENABLE_STRICT_OBJC_MSGSEND = YES;
				ENABLE_TESTABILITY = YES;
				GCC_C_LANGUAGE_STANDARD = gnu11;
				GCC_DYNAMIC_NO_PIC = NO;
				GCC_NO_COMMON_BLOCKS = YES;
				GCC_OPTIMIZATION_LEVEL = 0;
				GCC_PREPROCESSOR_DEFINITIONS = (
					"DEBUG=1",
					"$(inherited)",
				);
				GCC_WARN_64_TO_32_BIT_CONVERSION = YES;
				GCC_WARN_ABOUT_RETURN_TYPE = YES_ERROR;
				GCC_WARN_UNDECLARED_SELECTOR = YES;
				GCC_WARN_UNINITIALIZED_AUTOS = YES_AGGRESSIVE;
				GCC_WARN_UNUSED_FUNCTION = YES;
				GCC_WARN_UNUSED_VARIABLE = YES;
				MACOSX_DEPLOYMENT_TARGET = 13.3;
				MTL_ENABLE_DEBUG_INFO = INCLUDE_SOURCE;
				MTL_FAST_MATH = YES;
				ONLY_ACTIVE_ARCH = YES;
				SDKROOT = macosx;
			};
			name = Debug;
		};
		528FB8442A0C6C4000B841D4 /* Release */ = {
			isa = XCBuildConfiguration;
			buildSettings = {
				ALWAYS_SEARCH_USER_PATHS = NO;
				CLANG_ANALYZER_NONNULL = YES;
				CLANG_ANALYZER_NUMBER_OBJECT_CONVERSION = YES_AGGRESSIVE;
				CLANG_CXX_LANGUAGE_STANDARD = "gnu++20";
				CLANG_ENABLE_MODULES = YES;
				CLANG_ENABLE_OBJC_ARC = YES;
				CLANG_ENABLE_OBJC_WEAK = YES;
				CLANG_WARN_BLOCK_CAPTURE_AUTORELEASING = YES;
				CLANG_WARN_BOOL_CONVERSION = YES;
				CLANG_WARN_COMMA = YES;
				CLANG_WARN_CONSTANT_CONVERSION = YES;
				CLANG_WARN_DEPRECATED_OBJC_IMPLEMENTATIONS = YES;
				CLANG_WARN_DIRECT_OBJC_ISA_USAGE = YES_ERROR;
				CLANG_WARN_DOCUMENTATION_COMMENTS = YES;
				CLANG_WARN_EMPTY_BODY = YES;
				CLANG_WARN_ENUM_CONVERSION = YES;
				CLANG_WARN_INFINITE_RECURSION = YES;
				CLANG_WARN_INT_CONVERSION = YES;
				CLANG_WARN_NON_LITERAL_NULL_CONVERSION = YES;
				CLANG_WARN_OBJC_IMPLICIT_RETAIN_SELF = YES;
				CLANG_WARN_OBJC_LITERAL_CONVERSION = YES;
				CLANG_WARN_OBJC_ROOT_CLASS = YES_ERROR;
				CLANG_WARN_QUOTED_INCLUDE_IN_FRAMEWORK_HEADER = YES;
				CLANG_WARN_RANGE_LOOP_ANALYSIS = YES;
				CLANG_WARN_STRICT_PROTOTYPES = YES;
				CLANG_WARN_SUSPICIOUS_MOVE = YES;
				CLANG_WARN_UNGUARDED_AVAILABILITY = YES_AGGRESSIVE;
				CLANG_WARN_UNREACHABLE_CODE = YES;
				CLANG_WARN__DUPLICATE_METHOD_MATCH = YES;
				COPY_PHASE_STRIP = NO;
				DEBUG_INFORMATION_FORMAT = "dwarf-with-dsym";
				ENABLE_NS_ASSERTIONS = NO;
				ENABLE_STRICT_OBJC_MSGSEND = YES;
				GCC_C_LANGUAGE_STANDARD = gnu11;
				GCC_NO_COMMON_BLOCKS = YES;
				GCC_WARN_64_TO_32_BIT_CONVERSION = YES;
				GCC_WARN_ABOUT_RETURN_TYPE = YES_ERROR;
				GCC_WARN_UNDECLARED_SELECTOR = YES;
				GCC_WARN_UNINITIALIZED_AUTOS = YES_AGGRESSIVE;
				GCC_WARN_UNUSED_FUNCTION = YES;
				GCC_WARN_UNUSED_VARIABLE = YES;
				MACOSX_DEPLOYMENT_TARGET = 13.3;
				MTL_ENABLE_DEBUG_INFO = NO;
				MTL_FAST_MATH = YES;
				SDKROOT = macosx;
			};
			name = Release;
		};
		528FB8462A0C6C4000B841D4 /* Debug */ = {
			isa = XCBuildConfiguration;
			buildSettings = {
				CODE_SIGN_STYLE = Automatic;
				PRODUCT_NAME = "$(TARGET_NAME)";
			};
			name = Debug;
		};
		528FB8472A0C6C4000B841D4 /* Release */ = {
			isa = XCBuildConfiguration;
			buildSettings = {
				CODE_SIGN_STYLE = Automatic;
				PRODUCT_NAME = "$(TARGET_NAME)";
			};
			name = Release;
		};
/* End XCBuildConfiguration section */

/* Begin XCConfigurationList section */
		528FB8392A0C6C4000B841D4 /* Build configuration list for PBXProject "chess" */ = {
			isa = XCConfigurationList;
			buildConfigurations = (
				528FB8432A0C6C4000B841D4 /* Debug */,
				528FB8442A0C6C4000B841D4 /* Release */,
			);
			defaultConfigurationIsVisible = 0;
			defaultConfigurationName = Release;
		};
		528FB8452A0C6C4000B841D4 /* Build configuration list for PBXNativeTarget "chess" */ = {
			isa = XCConfigurationList;
			buildConfigurations = (
				528FB8462A0C6C4000B841D4 /* Debug */,
				528FB8472A0C6C4000B841D4 /* Release */,
			);
			defaultConfigurationIsVisible = 0;
			defaultConfigurationName = Release;
		};
/* End XCConfigurationList section */
	};
	rootObject = 528FB8362A0C6C4000B841D4 /* Project object */;
}
